
Microsoft Visual Studio Solution File, Format Version 12.00
# Visual Studio Version 17
VisualStudioVersion = 17.3.32825.248
MinimumVisualStudioVersion = 10.0.40219.1
Project("{FAE04EC0-301F-11D3-BF4B-00C04F79EFBC}") = "REG_MARK_LIB", "REG_MARK_LIB\REG_MARK_LIB.csproj", "{E5740232-D931-4F53-A19D-87EB4BD69495}"
EndProject
Project("{FAE04EC0-301F-11D3-BF4B-00C04F79EFBC}") = "UnitTestRegMarkLib", "UnitTestRegMarkLib\UnitTestRegMarkLib.csproj", "{B779E027-DC26-4933-BC94-139FEC393BFF}"
EndProject
Global
	GlobalSection(SolutionConfigurationPlatforms) = preSolution
		Debug|Any CPU = Debug|Any CPU
		Release|Any CPU = Release|Any CPU
	EndGlobalSection
	GlobalSection(ProjectConfigurationPlatforms) = postSolution
		{E5740232-D931-4F53-A19D-87EB4BD69495}.Debug|Any CPU.ActiveCfg = Debug|Any CPU
		{E5740232-D931-4F53-A19D-87EB4BD69495}.Debug|Any CPU.Build.0 = Debug|Any CPU
		{E5740232-D931-4F53-A19D-87EB4BD69495}.Release|Any CPU.ActiveCfg = Release|Any CPU
		{E5740232-D931-4F53-A19D-87EB4BD69495}.Release|Any CPU.Build.0 = Release|Any CPU
		{B779E027-DC26-4933-BC94-139FEC393BFF}.Debug|Any CPU.ActiveCfg = Debug|Any CPU
		{B779E027-DC26-4933-BC94-139FEC393BFF}.Debug|Any CPU.Build.0 = Debug|Any CPU
		{B779E027-DC26-4933-BC94-139FEC393BFF}.Release|Any CPU.ActiveCfg = Release|Any CPU
		{B779E027-DC26-4933-BC94-139FEC393BFF}.Release|Any CPU.Build.0 = Release|Any CPU
	EndGlobalSection
	GlobalSection(SolutionProperties) = preSolution
		HideSolutionNode = FALSE
	EndGlobalSection
	GlobalSection(ExtensibilityGlobals) = postSolution
		SolutionGuid = {01172057-6AE4-46D2-8610-5AB63D33970F}
	EndGlobalSection
EndGlobal
